
Microsoft Visual Studio Solution File, Format Version 12.00
# Visual Studio Version 17
VisualStudioVersion = 17.13.35913.81
MinimumVisualStudioVersion = 10.0.40219.1
Project("{FAE04EC0-301F-11D3-BF4B-00C04F79EFBC}") = "DesktopUI", "DaoStudioUI\DesktopUI.csproj", "{83EE8F70-78A9-4778-9F55-D6EE4BE5C695}"
EndProject
Project("{FAE04EC0-301F-11D3-BF4B-00C04F79EFBC}") = "DBStorage", "DBStorage\DBStorage.csproj", "{3FF737A1-E142-40AF-B040-342A5328B9FA}"
EndProject
Project("{2150E333-8FDC-42A3-9474-1A3956D46DE8}") = "Test", "Test", "{02EA681E-C7D8-13C7-8484-4AC65E1B71E8}"
EndProject
Project("{FAE04EC0-301F-11D3-BF4B-00C04F79EFBC}") = "TestStorage", "Test\TestStorage\TestStorage.csproj", "{89233529-16A2-4DC6-A5A7-7453FE1F31FC}"
EndProject
Project("{FAE04EC0-301F-11D3-BF4B-00C04F79EFBC}") = "DaoStudio", "DaoStudio\DaoStudio.csproj", "{4B84C9BE-F2AD-4063-BB8A-53F81510AD00}"
EndProject
Project("{FAE04EC0-301F-11D3-BF4B-00C04F79EFBC}") = "Common", "Common\Common.csproj", "{A9FF6AEE-2215-40E0-AD3E-46C9801A1F20}"
EndProject
Project("{2150E333-8FDC-42A3-9474-1A3956D46DE8}") = "Tools", "Tools", "{C1677C07-F788-4667-8E17-B9499DA53B9C}"
EndProject
Project("{FAE04EC0-301F-11D3-BF4B-00C04F79EFBC}") = "BrowserTool", "Tools\BrowserTool\BrowserTool.csproj", "{E727E94C-5E52-4A0F-996B-E98B53023929}"
EndProject
Project("{FAE04EC0-301F-11D3-BF4B-00C04F79EFBC}") = "PluginCommon", "Tools\PluginCommon\PluginCommon.csproj", "{914C7808-D17B-48CE-B6C8-692891DBA26F}"
EndProject
Project("{FAE04EC0-301F-11D3-BF4B-00C04F79EFBC}") = "FileTool", "Tools\FileTool\FileTool.csproj", "{A1E62532-09F6-4D9A-B696-8D792DD660A0}"
EndProject
Project("{2150E333-8FDC-42A3-9474-1A3956D46DE8}") = "Solution Items", "Solution Items", "{6D4BDBE5-739D-457D-BCB5-5C10D292D169}"
	ProjectSection(SolutionItems) = preProject
		.editorconfig = .editorconfig
	EndProjectSection
EndProject
Project("{FAE04EC0-301F-11D3-BF4B-00C04F79EFBC}") = "NamingTool", "Tools\NamingTool\NamingTool.csproj", "{6F42B990-59D3-4D8B-9398-7AB192AAEC60}"
EndProject
Project("{FAE04EC0-301F-11D3-BF4B-00C04F79EFBC}") = "KVStoreTool", "Tools\KVStoreTool\KVStoreTool.csproj", "{AC62F9AE-39D7-433D-BB69-DDDA0ACDBF8F}"
EndProject
Project("{FAE04EC0-301F-11D3-BF4B-00C04F79EFBC}") = "TestDaoStudio", "Test\TestDaoStudio\TestDaoStudio.csproj", "{66D7551E-8DB5-AE10-C696-6FC300BD86DE}"
EndProject
Project("{FAE04EC0-301F-11D3-BF4B-00C04F79EFBC}") = "TestDaoStudioUI", "Test\TestDaoStudioUI\TestDaoStudioUI.csproj", "{8DF919D8-415F-9E34-BAAA-94A8A08C4E93}"
EndProject
Project("{2150E333-8FDC-42A3-9474-1A3956D46DE8}") = "TestTools", "TestTools", "{5C59DFA1-6D7F-4C6C-9E5F-48A784936639}"
EndProject
Project("{FAE04EC0-301F-11D3-BF4B-00C04F79EFBC}") = "TestNamingTool", "Test\TestTools\TestNamingTool\TestNamingTool.csproj", "{BCDA2F7E-5EEB-DFB6-0BA7-631FB62C8FEB}"
EndProject
Project("{FAE04EC0-301F-11D3-BF4B-00C04F79EFBC}") = "Interfaces", "Interfaces\Interfaces.csproj", "{E37FFD3C-5824-44FC-B3C7-6B31483BAFB6}"
EndProject
Project("{FAE04EC0-301F-11D3-BF4B-00C04F79EFBC}") = "TestKVStoreTool", "Test\TestTools\TestKVStoreTool\TestKVStoreTool.csproj", "{DA544922-310F-4BCD-9F0B-1F48FC88D328}"
EndProject
Project("{2150E333-8FDC-42A3-9474-1A3956D46DE8}") = "Performance", "Performance", "{3B8A5E2C-1F9D-4A6E-9C8F-7D3E6F8B9A2D}"
EndProject
Project("{FAE04EC0-301F-11D3-BF4B-00C04F79EFBC}") = "PerformanceStorage", "Test\Performance\PerformanceStorage\PerformanceStorage.csproj", "{2A1B3C4D-5E6F-7A8B-9C0D-1E2F3A4B5C6D}"
EndProject
Project("{FAE04EC0-301F-11D3-BF4B-00C04F79EFBC}") = "PerformanceDaoStudio", "Test\Performance\PerformanceDaoStudio\PerformanceDaoStudio.csproj", "{3B2C4D5E-6F7A-8B9C-0D1E-2F3A4B5C6D7E}"
EndProject
Global
	GlobalSection(SolutionConfigurationPlatforms) = preSolution
		Debug|x64 = Debug|x64
		Release|x64 = Release|x64
	EndGlobalSection
	GlobalSection(ProjectConfigurationPlatforms) = postSolution
		{83EE8F70-78A9-4778-9F55-D6EE4BE5C695}.Debug|x64.ActiveCfg = Debug|x64
		{83EE8F70-78A9-4778-9F55-D6EE4BE5C695}.Debug|x64.Build.0 = Debug|x64
		{83EE8F70-78A9-4778-9F55-D6EE4BE5C695}.Release|x64.ActiveCfg = Release|x64
		{83EE8F70-78A9-4778-9F55-D6EE4BE5C695}.Release|x64.Build.0 = Release|x64
		{3FF737A1-E142-40AF-B040-342A5328B9FA}.Debug|x64.ActiveCfg = Debug|x64
		{3FF737A1-E142-40AF-B040-342A5328B9FA}.Debug|x64.Build.0 = Debug|x64
		{3FF737A1-E142-40AF-B040-342A5328B9FA}.Release|x64.ActiveCfg = Release|x64
		{3FF737A1-E142-40AF-B040-342A5328B9FA}.Release|x64.Build.0 = Release|x64
		{89233529-16A2-4DC6-A5A7-7453FE1F31FC}.Debug|x64.ActiveCfg = Debug|Any CPU
		{89233529-16A2-4DC6-A5A7-7453FE1F31FC}.Debug|x64.Build.0 = Debug|Any CPU
		{89233529-16A2-4DC6-A5A7-7453FE1F31FC}.Release|x64.ActiveCfg = Release|Any CPU
		{89233529-16A2-4DC6-A5A7-7453FE1F31FC}.Release|x64.Build.0 = Release|Any CPU
		{4B84C9BE-F2AD-4063-BB8A-53F81510AD00}.Debug|x64.ActiveCfg = Debug|x64
		{4B84C9BE-F2AD-4063-BB8A-53F81510AD00}.Debug|x64.Build.0 = Debug|x64
		{4B84C9BE-F2AD-4063-BB8A-53F81510AD00}.Release|x64.ActiveCfg = Release|x64
		{4B84C9BE-F2AD-4063-BB8A-53F81510AD00}.Release|x64.Build.0 = Release|x64
		{A9FF6AEE-2215-40E0-AD3E-46C9801A1F20}.Debug|x64.ActiveCfg = Debug|x64
		{A9FF6AEE-2215-40E0-AD3E-46C9801A1F20}.Debug|x64.Build.0 = Debug|x64
		{A9FF6AEE-2215-40E0-AD3E-46C9801A1F20}.Release|x64.ActiveCfg = Release|x64
		{A9FF6AEE-2215-40E0-AD3E-46C9801A1F20}.Release|x64.Build.0 = Release|x64
		{E727E94C-5E52-4A0F-996B-E98B53023929}.Debug|x64.ActiveCfg = Debug|x64
		{E727E94C-5E52-4A0F-996B-E98B53023929}.Debug|x64.Build.0 = Debug|x64
		{E727E94C-5E52-4A0F-996B-E98B53023929}.Release|x64.ActiveCfg = Release|x64
		{E727E94C-5E52-4A0F-996B-E98B53023929}.Release|x64.Build.0 = Release|x64
		{914C7808-D17B-48CE-B6C8-692891DBA26F}.Debug|x64.ActiveCfg = Debug|x64
		{914C7808-D17B-48CE-B6C8-692891DBA26F}.Debug|x64.Build.0 = Debug|x64
		{914C7808-D17B-48CE-B6C8-692891DBA26F}.Release|x64.ActiveCfg = Release|x64
		{914C7808-D17B-48CE-B6C8-692891DBA26F}.Release|x64.Build.0 = Release|x64
		{A1E62532-09F6-4D9A-B696-8D792DD660A0}.Debug|x64.ActiveCfg = Debug|x64
		{A1E62532-09F6-4D9A-B696-8D792DD660A0}.Debug|x64.Build.0 = Debug|x64
		{A1E62532-09F6-4D9A-B696-8D792DD660A0}.Release|x64.ActiveCfg = Release|x64
		{A1E62532-09F6-4D9A-B696-8D792DD660A0}.Release|x64.Build.0 = Release|x64
		{6F42B990-59D3-4D8B-9398-7AB192AAEC60}.Debug|x64.ActiveCfg = Debug|x64
		{6F42B990-59D3-4D8B-9398-7AB192AAEC60}.Debug|x64.Build.0 = Debug|x64
		{6F42B990-59D3-4D8B-9398-7AB192AAEC60}.Release|x64.ActiveCfg = Release|x64
		{6F42B990-59D3-4D8B-9398-7AB192AAEC60}.Release|x64.Build.0 = Release|x64
		{AC62F9AE-39D7-433D-BB69-DDDA0ACDBF8F}.Debug|x64.ActiveCfg = Debug|x64
		{AC62F9AE-39D7-433D-BB69-DDDA0ACDBF8F}.Debug|x64.Build.0 = Debug|x64
		{AC62F9AE-39D7-433D-BB69-DDDA0ACDBF8F}.Release|x64.ActiveCfg = Release|x64
		{AC62F9AE-39D7-433D-BB69-DDDA0ACDBF8F}.Release|x64.Build.0 = Release|x64
		{66D7551E-8DB5-AE10-C696-6FC300BD86DE}.Debug|x64.ActiveCfg = Debug|Any CPU
		{66D7551E-8DB5-AE10-C696-6FC300BD86DE}.Debug|x64.Build.0 = Debug|Any CPU
		{66D7551E-8DB5-AE10-C696-6FC300BD86DE}.Release|x64.ActiveCfg = Release|Any CPU
		{66D7551E-8DB5-AE10-C696-6FC300BD86DE}.Release|x64.Build.0 = Release|Any CPU
		{8DF919D8-415F-9E34-BAAA-94A8A08C4E93}.Debug|x64.ActiveCfg = Debug|Any CPU
		{8DF919D8-415F-9E34-BAAA-94A8A08C4E93}.Debug|x64.Build.0 = Debug|Any CPU
		{8DF919D8-415F-9E34-BAAA-94A8A08C4E93}.Release|x64.ActiveCfg = Release|Any CPU
		{8DF919D8-415F-9E34-BAAA-94A8A08C4E93}.Release|x64.Build.0 = Release|Any CPU
		{BCDA2F7E-5EEB-DFB6-0BA7-631FB62C8FEB}.Debug|x64.ActiveCfg = Debug|Any CPU
		{BCDA2F7E-5EEB-DFB6-0BA7-631FB62C8FEB}.Debug|x64.Build.0 = Debug|Any CPU
		{BCDA2F7E-5EEB-DFB6-0BA7-631FB62C8FEB}.Release|x64.ActiveCfg = Release|Any CPU
		{BCDA2F7E-5EEB-DFB6-0BA7-631FB62C8FEB}.Release|x64.Build.0 = Release|Any CPU
		{E37FFD3C-5824-44FC-B3C7-6B31483BAFB6}.Debug|x64.ActiveCfg = Debug|x64
		{E37FFD3C-5824-44FC-B3C7-6B31483BAFB6}.Debug|x64.Build.0 = Debug|x64
		{E37FFD3C-5824-44FC-B3C7-6B31483BAFB6}.Release|x64.ActiveCfg = Release|x64
		{E37FFD3C-5824-44FC-B3C7-6B31483BAFB6}.Release|x64.Build.0 = Release|x64
		{DA544922-310F-4BCD-9F0B-1F48FC88D328}.Debug|x64.ActiveCfg = Debug|Any CPU
		{DA544922-310F-4BCD-9F0B-1F48FC88D328}.Debug|x64.Build.0 = Debug|Any CPU
		{DA544922-310F-4BCD-9F0B-1F48FC88D328}.Release|x64.ActiveCfg = Release|Any CPU
		{DA544922-310F-4BCD-9F0B-1F48FC88D328}.Release|x64.Build.0 = Release|Any CPU
		{2A1B3C4D-5E6F-7A8B-9C0D-1E2F3A4B5C6D}.Debug|x64.ActiveCfg = Debug|Any CPU
		{2A1B3C4D-5E6F-7A8B-9C0D-1E2F3A4B5C6D}.Debug|x64.Build.0 = Debug|Any CPU
		{2A1B3C4D-5E6F-7A8B-9C0D-1E2F3A4B5C6D}.Release|x64.ActiveCfg = Release|Any CPU
		{2A1B3C4D-5E6F-7A8B-9C0D-1E2F3A4B5C6D}.Release|x64.Build.0 = Release|Any CPU
		{3B2C4D5E-6F7A-8B9C-0D1E-2F3A4B5C6D7E}.Debug|x64.ActiveCfg = Debug|Any CPU
		{3B2C4D5E-6F7A-8B9C-0D1E-2F3A4B5C6D7E}.Debug|x64.Build.0 = Debug|Any CPU
		{3B2C4D5E-6F7A-8B9C-0D1E-2F3A4B5C6D7E}.Release|x64.ActiveCfg = Release|Any CPU
		{3B2C4D5E-6F7A-8B9C-0D1E-2F3A4B5C6D7E}.Release|x64.Build.0 = Release|Any CPU
	EndGlobalSection
	GlobalSection(SolutionProperties) = preSolution
		HideSolutionNode = FALSE
	EndGlobalSection
	GlobalSection(NestedProjects) = preSolution
		{89233529-16A2-4DC6-A5A7-7453FE1F31FC} = {02EA681E-C7D8-13C7-8484-4AC65E1B71E8}
		{E727E94C-5E52-4A0F-996B-E98B53023929} = {C1677C07-F788-4667-8E17-B9499DA53B9C}
		{914C7808-D17B-48CE-B6C8-692891DBA26F} = {C1677C07-F788-4667-8E17-B9499DA53B9C}
		{A1E62532-09F6-4D9A-B696-8D792DD660A0} = {C1677C07-F788-4667-8E17-B9499DA53B9C}
		{6F42B990-59D3-4D8B-9398-7AB192AAEC60} = {C1677C07-F788-4667-8E17-B9499DA53B9C}
		{AC62F9AE-39D7-433D-BB69-DDDA0ACDBF8F} = {C1677C07-F788-4667-8E17-B9499DA53B9C}
		{66D7551E-8DB5-AE10-C696-6FC300BD86DE} = {02EA681E-C7D8-13C7-8484-4AC65E1B71E8}
		{8DF919D8-415F-9E34-BAAA-94A8A08C4E93} = {02EA681E-C7D8-13C7-8484-4AC65E1B71E8}
		{5C59DFA1-6D7F-4C6C-9E5F-48A784936639} = {02EA681E-C7D8-13C7-8484-4AC65E1B71E8}
		{BCDA2F7E-5EEB-DFB6-0BA7-631FB62C8FEB} = {5C59DFA1-6D7F-4C6C-9E5F-48A784936639}
		{DA544922-310F-4BCD-9F0B-1F48FC88D328} = {5C59DFA1-6D7F-4C6C-9E5F-48A784936639}
		{3B8A5E2C-1F9D-4A6E-9C8F-7D3E6F8B9A2D} = {02EA681E-C7D8-13C7-8484-4AC65E1B71E8}
		{2A1B3C4D-5E6F-7A8B-9C0D-1E2F3A4B5C6D} = {3B8A5E2C-1F9D-4A6E-9C8F-7D3E6F8B9A2D}
		{3B2C4D5E-6F7A-8B9C-0D1E-2F3A4B5C6D7E} = {3B8A5E2C-1F9D-4A6E-9C8F-7D3E6F8B9A2D}
	EndGlobalSection
	GlobalSection(ExtensibilityGlobals) = postSolution
		SolutionGuid = {709D2A16-1F61-4E10-80C6-3A06DA281E25}
	EndGlobalSection
EndGlobal
